org.kill-bill.billing:killbill-api:jar:0.14
com.fasterxml.jackson.core:jackson-annotations:jar:2.4.3
joda-time:joda-time:jar:2.3
org.kill-bill.billing.plugin:killbill-plugin-api-currency:jar:0.9
org.kill-bill.billing.plugin:killbill-plugin-api-invoice:jar:0.9
org.kill-bill.billing.plugin:killbill-plugin-api-notification:jar:0.9
org.kill-bill.billing.plugin:killbill-plugin-api-payment:jar:0.9
org.kill-bill.billing.plugin:killbill-plugin-api-routing:jar:0.9
org.kill-bill.billing:killbill-util:jar:tests:0.13.7
com.fasterxml.jackson.core:jackson-databind:jar:2.4.3
com.fasterxml.jackson.core:jackson-core:jar:2.4.3
com.fasterxml.jackson.dataformat:jackson-dataformat-csv:jar:2.4.3
com.fasterxml.jackson.datatype:jackson-datatype-joda:jar:2.4.3
com.samskivert:jmustache:jar:1.5
io.dropwizard.metrics:metrics-core:jar:3.1.1
io.dropwizard.metrics:metrics-ehcache:jar:3.1.1
net.sf.ehcache:ehcache:jar:2.9.1
org.antlr:stringtemplate:jar:3.2.1
antlr:antlr:jar:2.7.7
org.apache.commons:commons-email:jar:1.2
javax.mail:mail:jar:1.4.1
javax.activation:activation:jar:1.1
org.apache.shiro:shiro-core:jar:1.2.3
commons-beanutils:commons-beanutils:jar:1.8.3
commons-logging:commons-logging:jar:1.1.1
org.apache.shiro:shiro-ehcache:jar:1.2.3
net.sf.ehcache:ehcache-core:jar:2.5.0
org.apache.shiro:shiro-guice:jar:1.2.3
com.google.guava:guava:jar:r09
com.google.inject:guice:jar:3.0
aopalliance:aopalliance:jar:1.0
com.google.inject.extensions:guice-multibindings:jar:3.0
org.jdbi:jdbi:jar:2.62
org.joda:joda-money:jar:0.9
org.kill-bill.billing:killbill-internal-api:jar:0.13.7
org.kill-bill.billing:killbill-platform-api:jar:0.2
org.kill-bill.billing:killbill-platform-base:jar:0.2
com.google.code.findbugs:annotations:jar:3.0.0
org.bgee.log4jdbc-log4j2:log4jdbc-log4j2-jdbc4:jar:1.16
org.kill-bill.billing:killbill-platform-osgi-api:jar:0.2
org.osgi:org.osgi.core:jar:5.0.0
org.kill-bill.commons:killbill-clock:jar:0.3
org.kill-bill.commons:killbill-concurrent:jar:0.3
org.kill-bill.commons:killbill-embeddeddb-common:jar:0.3
org.kill-bill.commons:killbill-jdbi:jar:0.3
com.h2database:h2:jar:1.4.186
javax.inject:javax.inject:jar:1
org.kill-bill.commons:killbill-locker:jar:0.3
org.kill-bill.commons:killbill-queue:jar:0.3
org.kill-bill.commons:killbill-xmlloader:jar:0.3
org.skife.config:config-magic:jar:0.14
org.slf4j:jcl-over-slf4j:jar:1.7.12
org.slf4j:slf4j-api:jar:1.7.12
org.weakref:jmxutils:jar:1.12
org.mockito:mockito-all:jar:1.10.19
javax.servlet:javax.servlet-api:jar:3.1.0
org.bouncycastle:bcpkix-jdk15on:jar:1.50
org.bouncycastle:bcprov-jdk15on:jar:1.50
