org.kill-bill.billing:killbill-api:jar:0.12.4
com.fasterxml.jackson.core:jackson-annotations:jar:2.4.3
joda-time:joda-time:jar:2.3
org.kill-bill.billing.plugin:killbill-plugin-api-notification:jar:0.8.4
org.kill-bill.billing.plugin:killbill-plugin-api-payment:jar:0.8.4
org.kill-bill.billing.plugin:killbill-plugin-api-currency:jar:0.8.4
org.kill-bill.billing.plugin:killbill-plugin-api-routing:jar:0.8.4
org.kill-bill.billing.plugin:killbill-plugin-api-invoice:jar:0.8.4
org.kill-bill.billing:killbill-util:jar:tests:0.13.5
com.codahale.metrics:metrics-core:jar:3.0.2
com.fasterxml.jackson.core:jackson-databind:jar:2.4.3
com.fasterxml.jackson.core:jackson-core:jar:2.4.3
com.fasterxml.jackson.dataformat:jackson-dataformat-csv:jar:2.4.3
com.fasterxml.jackson.datatype:jackson-datatype-joda:jar:2.4.3
com.jolbox:bonecp:jar:0.8.0-rc3
com.google.guava:guava:jar:15.0
com.samskivert:jmustache:jar:1.5
net.sf.ehcache:ehcache-core:jar:2.6.9
org.antlr:stringtemplate:jar:3.2.1
antlr:antlr:jar:2.7.7
org.apache.commons:commons-email:jar:1.2
javax.mail:mail:jar:1.4.1
javax.activation:activation:jar:1.1
org.apache.shiro:shiro-core:jar:1.2.3
commons-beanutils:commons-beanutils:jar:1.8.3
org.apache.shiro:shiro-ehcache:jar:1.2.3
org.apache.shiro:shiro-guice:jar:1.2.3
com.google.inject:guice:jar:3.0
aopalliance:aopalliance:jar:1.0
com.google.inject.extensions:guice-multibindings:jar:3.0
org.jdbi:jdbi:jar:2.53
com.google.code.findbugs:annotations:jar:2.0.2
org.joda:joda-money:jar:0.9
org.kill-bill.billing:killbill-internal-api:jar:0.13.5
org.kill-bill.billing:killbill-platform-api:jar:0.1.4
org.kill-bill.commons:killbill-clock:jar:0.2.33
org.kill-bill.commons:killbill-concurrent:jar:0.2.33
org.kill-bill.commons:killbill-embeddeddb-common:jar:0.2.33
org.kill-bill.commons:killbill-jdbi:jar:0.2.33
com.h2database:h2:jar:1.3.175
javax.inject:javax.inject:jar:1
org.kill-bill.commons:killbill-locker:jar:0.2.33
org.kill-bill.commons:killbill-queue:jar:0.2.33
org.kill-bill.commons:killbill-xmlloader:jar:0.2.33
org.skife.config:config-magic:jar:0.14
org.slf4j:jcl-over-slf4j:jar:1.7.7
org.slf4j:slf4j-api:jar:1.7.7
org.weakref:jmxutils:jar:1.12
org.mockito:mockito-all:jar:1.9.0
javax.servlet:javax.servlet-api:jar:3.0.1
org.bouncycastle:bcpkix-jdk15on:jar:1.49
org.bouncycastle:bcprov-jdk15on:jar:1.49
